// !$*UTF8*$!
{
	archiveVersion = 1;
	classes = {
	};
	objectVersion = 46;
	objects = {

/* Begin PBXBuildFile section */
		FA0C4CFC1E5A22C300E1A56C /* AppDelegate.swift in Sources */ = {isa = PBXBuildFile; fileRef = FA0C4CFB1E5A22C300E1A56C /* AppDelegate.swift */; };
		FA0C4D011E5A22C300E1A56C /* Main.storyboard in Resources */ = {isa = PBXBuildFile; fileRef = FA0C4CFF1E5A22C300E1A56C /* Main.storyboard */; };
		FA0C4D031E5A22C300E1A56C /* Assets.xcassets in Resources */ = {isa = PBXBuildFile; fileRef = FA0C4D021E5A22C300E1A56C /* Assets.xcassets */; };
		FA0C4D061E5A22C300E1A56C /* LaunchScreen.storyboard in Resources */ = {isa = PBXBuildFile; fileRef = FA0C4D041E5A22C300E1A56C /* LaunchScreen.storyboard */; };
		FA0C4D111E5A22C300E1A56C /* VirtualTouristTests.swift in Sources */ = {isa = PBXBuildFile; fileRef = FA0C4D101E5A22C300E1A56C /* VirtualTouristTests.swift */; };
		FA0C4D1C1E5A22C300E1A56C /* VirtualTouristUITests.swift in Sources */ = {isa = PBXBuildFile; fileRef = FA0C4D1B1E5A22C300E1A56C /* VirtualTouristUITests.swift */; };
		FA0C4D2A1E5A230000E1A56C /* MapViewController.swift in Sources */ = {isa = PBXBuildFile; fileRef = FA0C4D291E5A230000E1A56C /* MapViewController.swift */; };
		FA0C4D301E60EDE500E1A56C /* Client.swift in Sources */ = {isa = PBXBuildFile; fileRef = FA0C4D2F1E60EDE500E1A56C /* Client.swift */; };
		FA0C4D321E6B59D500E1A56C /* Constants.swift in Sources */ = {isa = PBXBuildFile; fileRef = FA0C4D311E6B59D500E1A56C /* Constants.swift */; };
		FA0C4D391E6F9BE800E1A56C /*  ImagesViewController.swift in Sources */ = {isa = PBXBuildFile; fileRef = FA0C4D381E6F9BE800E1A56C /*  ImagesViewController.swift */; };
		FA0C4D3D1E705A6800E1A56C /* imageCell.swift in Sources */ = {isa = PBXBuildFile; fileRef = FA0C4D3C1E705A6800E1A56C /* imageCell.swift */; };
		FA0C4ED61E816ABD00E1A56C /* Model.xcdatamodeld in Sources */ = {isa = PBXBuildFile; fileRef = FA0C4ED41E816ABD00E1A56C /* Model.xcdatamodeld */; };
		FA0C4EDB1E8174B000E1A56C /* Image+CoreDataClass.swift in Sources */ = {isa = PBXBuildFile; fileRef = FA0C4ED71E8174B000E1A56C /* Image+CoreDataClass.swift */; };
		FA0C4EDD1E8174B000E1A56C /* Locations+CoreDataClass.swift in Sources */ = {isa = PBXBuildFile; fileRef = FA0C4ED91E8174B000E1A56C /* Locations+CoreDataClass.swift */; };
		FA0C4EE01E8174EB00E1A56C /* CoreDataStack.swift in Sources */ = {isa = PBXBuildFile; fileRef = FA0C4EDF1E8174EB00E1A56C /* CoreDataStack.swift */; };
		FA6F60E91ECDC4C9005A2AF4 /* Helper.swift in Sources */ = {isa = PBXBuildFile; fileRef = FA6F60E81ECDC4C9005A2AF4 /* Helper.swift */; };
		FAD15ADA1EA8E5FD004389F5 /* Image+CoreDataProperties.swift in Sources */ = {isa = PBXBuildFile; fileRef = FAD15AD81EA8E5FD004389F5 /* Image+CoreDataProperties.swift */; };
		FAD15ADB1EA8E5FD004389F5 /* Locations+CoreDataProperties.swift in Sources */ = {isa = PBXBuildFile; fileRef = FAD15AD91EA8E5FD004389F5 /* Locations+CoreDataProperties.swift */; };
/* End PBXBuildFile section */

/* Begin PBXContainerItemProxy section */
		FA0C4D0D1E5A22C300E1A56C /* PBXContainerItemProxy */ = {
			isa = PBXContainerItemProxy;
			containerPortal = FA0C4CF01E5A22C300E1A56C /* Project object */;
			proxyType = 1;
			remoteGlobalIDString = FA0C4CF71E5A22C300E1A56C;
			remoteInfo = VirtualTourist;
		};
		FA0C4D181E5A22C300E1A56C /* PBXContainerItemProxy */ = {
			isa = PBXContainerItemProxy;
			containerPortal = FA0C4CF01E5A22C300E1A56C /* Project object */;
			proxyType = 1;
			remoteGlobalIDString = FA0C4CF71E5A22C300E1A56C;
			remoteInfo = VirtualTourist;
		};
/* End PBXContainerItemProxy section */

/* Begin PBXFileReference section */
		FA0C4CF81E5A22C300E1A56C /* VirtualTourist.app */ = {isa = PBXFileReference; explicitFileType = wrapper.application; includeInIndex = 0; path = VirtualTourist.app; sourceTree = BUILT_PRODUCTS_DIR; };
		FA0C4CFB1E5A22C300E1A56C /* AppDelegate.swift */ = {isa = PBXFileReference; lastKnownFileType = sourcecode.swift; path = AppDelegate.swift; sourceTree = "<group>"; };
		FA0C4D001E5A22C300E1A56C /* Base */ = {isa = PBXFileReference; lastKnownFileType = file.storyboard; name = Base; path = Base.lproj/Main.storyboard; sourceTree = "<group>"; };
		FA0C4D021E5A22C300E1A56C /* Assets.xcassets */ = {isa = PBXFileReference; lastKnownFileType = folder.assetcatalog; path = Assets.xcassets; sourceTree = "<group>"; };
		FA0C4D051E5A22C300E1A56C /* Base */ = {isa = PBXFileReference; lastKnownFileType = file.storyboard; name = Base; path = Base.lproj/LaunchScreen.storyboard; sourceTree = "<group>"; };
		FA0C4D071E5A22C300E1A56C /* Info.plist */ = {isa = PBXFileReference; lastKnownFileType = text.plist.xml; path = Info.plist; sourceTree = "<group>"; };
		FA0C4D0C1E5A22C300E1A56C /* VirtualTouristTests.xctest */ = {isa = PBXFileReference; explicitFileType = wrapper.cfbundle; includeInIndex = 0; path = VirtualTouristTests.xctest; sourceTree = BUILT_PRODUCTS_DIR; };
		FA0C4D101E5A22C300E1A56C /* VirtualTouristTests.swift */ = {isa = PBXFileReference; lastKnownFileType = sourcecode.swift; path = VirtualTouristTests.swift; sourceTree = "<group>"; };
		FA0C4D121E5A22C300E1A56C /* Info.plist */ = {isa = PBXFileReference; lastKnownFileType = text.plist.xml; path = Info.plist; sourceTree = "<group>"; };
		FA0C4D171E5A22C300E1A56C /* VirtualTouristUITests.xctest */ = {isa = PBXFileReference; explicitFileType = wrapper.cfbundle; includeInIndex = 0; path = VirtualTouristUITests.xctest; sourceTree = BUILT_PRODUCTS_DIR; };
		FA0C4D1B1E5A22C300E1A56C /* VirtualTouristUITests.swift */ = {isa = PBXFileReference; lastKnownFileType = sourcecode.swift; path = VirtualTouristUITests.swift; sourceTree = "<group>"; };
		FA0C4D1D1E5A22C300E1A56C /* Info.plist */ = {isa = PBXFileReference; lastKnownFileType = text.plist.xml; path = Info.plist; sourceTree = "<group>"; };
		FA0C4D291E5A230000E1A56C /* MapViewController.swift */ = {isa = PBXFileReference; fileEncoding = 4; lastKnownFileType = sourcecode.swift; path = MapViewController.swift; sourceTree = "<group>"; };
		FA0C4D2F1E60EDE500E1A56C /* Client.swift */ = {isa = PBXFileReference; fileEncoding = 4; lastKnownFileType = sourcecode.swift; path = Client.swift; sourceTree = "<group>"; };
		FA0C4D311E6B59D500E1A56C /* Constants.swift */ = {isa = PBXFileReference; fileEncoding = 4; lastKnownFileType = sourcecode.swift; path = Constants.swift; sourceTree = "<group>"; };
		FA0C4D381E6F9BE800E1A56C /*  ImagesViewController.swift */ = {isa = PBXFileReference; fileEncoding = 4; lastKnownFileType = sourcecode.swift; path = " ImagesViewController.swift"; sourceTree = "<group>"; };
		FA0C4D3C1E705A6800E1A56C /* imageCell.swift */ = {isa = PBXFileReference; fileEncoding = 4; lastKnownFileType = sourcecode.swift; path = imageCell.swift; sourceTree = "<group>"; };
		FA0C4ED51E816ABD00E1A56C /* Model.xcdatamodel */ = {isa = PBXFileReference; lastKnownFileType = wrapper.xcdatamodel; path = Model.xcdatamodel; sourceTree = "<group>"; };
		FA0C4ED71E8174B000E1A56C /* Image+CoreDataClass.swift */ = {isa = PBXFileReference; fileEncoding = 4; lastKnownFileType = sourcecode.swift; name = "Image+CoreDataClass.swift"; path = "../Image+CoreDataClass.swift"; sourceTree = "<group>"; };
		FA0C4ED91E8174B000E1A56C /* Locations+CoreDataClass.swift */ = {isa = PBXFileReference; fileEncoding = 4; lastKnownFileType = sourcecode.swift; name = "Locations+CoreDataClass.swift"; path = "../Locations+CoreDataClass.swift"; sourceTree = "<group>"; };
		FA0C4EDF1E8174EB00E1A56C /* CoreDataStack.swift */ = {isa = PBXFileReference; fileEncoding = 4; lastKnownFileType = sourcecode.swift; path = CoreDataStack.swift; sourceTree = "<group>"; };
		FA3221FF1E82FCAD00C72429 /* Model2.xcdatamodel */ = {isa = PBXFileReference; lastKnownFileType = wrapper.xcdatamodel; path = Model2.xcdatamodel; sourceTree = "<group>"; };
		FA4342DE1E854B8F0027FF9F /* Model3.xcdatamodel */ = {isa = PBXFileReference; lastKnownFileType = wrapper.xcdatamodel; path = Model3.xcdatamodel; sourceTree = "<group>"; };
		FA6F60E81ECDC4C9005A2AF4 /* Helper.swift */ = {isa = PBXFileReference; fileEncoding = 4; lastKnownFileType = sourcecode.swift; path = Helper.swift; sourceTree = "<group>"; };
		FAD15AD71EA8E5C1004389F5 /* Model4.xcdatamodel */ = {isa = PBXFileReference; lastKnownFileType = wrapper.xcdatamodel; path = Model4.xcdatamodel; sourceTree = "<group>"; };
		FAD15AD81EA8E5FD004389F5 /* Image+CoreDataProperties.swift */ = {isa = PBXFileReference; fileEncoding = 4; lastKnownFileType = sourcecode.swift; name = "Image+CoreDataProperties.swift"; path = "../Image+CoreDataProperties.swift"; sourceTree = "<group>"; };
		FAD15AD91EA8E5FD004389F5 /* Locations+CoreDataProperties.swift */ = {isa = PBXFileReference; fileEncoding = 4; lastKnownFileType = sourcecode.swift; name = "Locations+CoreDataProperties.swift"; path = "../Locations+CoreDataProperties.swift"; sourceTree = "<group>"; };
/* End PBXFileReference section */

/* Begin PBXFrameworksBuildPhase section */
		FA0C4CF51E5A22C300E1A56C /* Frameworks */ = {
			isa = PBXFrameworksBuildPhase;
			buildActionMask = 2147483647;
			files = (
			);
			runOnlyForDeploymentPostprocessing = 0;
		};
		FA0C4D091E5A22C300E1A56C /* Frameworks */ = {
			isa = PBXFrameworksBuildPhase;
			buildActionMask = 2147483647;
			files = (
			);
			runOnlyForDeploymentPostprocessing = 0;
		};
		FA0C4D141E5A22C300E1A56C /* Frameworks */ = {
			isa = PBXFrameworksBuildPhase;
			buildActionMask = 2147483647;
			files = (
			);
			runOnlyForDeploymentPostprocessing = 0;
		};
/* End PBXFrameworksBuildPhase section */

/* Begin PBXGroup section */
		FA0C4CEF1E5A22C300E1A56C = {
			isa = PBXGroup;
			children = (
				FA0C4CFA1E5A22C300E1A56C /* VirtualTourist */,
				FA0C4D0F1E5A22C300E1A56C /* VirtualTouristTests */,
				FA0C4D1A1E5A22C300E1A56C /* VirtualTouristUITests */,
				FA0C4CF91E5A22C300E1A56C /* Products */,
			);
			sourceTree = "<group>";
		};
		FA0C4CF91E5A22C300E1A56C /* Products */ = {
			isa = PBXGroup;
			children = (
				FA0C4CF81E5A22C300E1A56C /* VirtualTourist.app */,
				FA0C4D0C1E5A22C300E1A56C /* VirtualTouristTests.xctest */,
				FA0C4D171E5A22C300E1A56C /* VirtualTouristUITests.xctest */,
			);
			name = Products;
			sourceTree = "<group>";
		};
		FA0C4CFA1E5A22C300E1A56C /* VirtualTourist */ = {
			isa = PBXGroup;
			children = (
				FA0C4CFB1E5A22C300E1A56C /* AppDelegate.swift */,
				FA0C4D331E6F817700E1A56C /* Views */,
				FA0C4D2E1E60EDC600E1A56C /* Models */,
				FA0C4D2D1E5A233000E1A56C /* Controlllers */,
				FA0C4CFF1E5A22C300E1A56C /* Main.storyboard */,
				FA0C4D021E5A22C300E1A56C /* Assets.xcassets */,
				FA0C4D041E5A22C300E1A56C /* LaunchScreen.storyboard */,
				FA0C4D071E5A22C300E1A56C /* Info.plist */,
			);
			path = VirtualTourist;
			sourceTree = "<group>";
		};
		FA0C4D0F1E5A22C300E1A56C /* VirtualTouristTests */ = {
			isa = PBXGroup;
			children = (
				FA0C4D101E5A22C300E1A56C /* VirtualTouristTests.swift */,
				FA0C4D121E5A22C300E1A56C /* Info.plist */,
			);
			path = VirtualTouristTests;
			sourceTree = "<group>";
		};
		FA0C4D1A1E5A22C300E1A56C /* VirtualTouristUITests */ = {
			isa = PBXGroup;
			children = (
				FA0C4D1B1E5A22C300E1A56C /* VirtualTouristUITests.swift */,
				FA0C4D1D1E5A22C300E1A56C /* Info.plist */,
			);
			path = VirtualTouristUITests;
			sourceTree = "<group>";
		};
		FA0C4D2D1E5A233000E1A56C /* Controlllers */ = {
			isa = PBXGroup;
			children = (
				FA0C4D291E5A230000E1A56C /* MapViewController.swift */,
				FA0C4D381E6F9BE800E1A56C /*  ImagesViewController.swift */,
			);
			name = Controlllers;
			sourceTree = "<group>";
		};
		FA0C4D2E1E60EDC600E1A56C /* Models */ = {
			isa = PBXGroup;
			children = (
				FA0C4EDF1E8174EB00E1A56C /* CoreDataStack.swift */,
				FA0C4ED91E8174B000E1A56C /* Locations+CoreDataClass.swift */,
				FAD15AD91EA8E5FD004389F5 /* Locations+CoreDataProperties.swift */,
				FAD15AD81EA8E5FD004389F5 /* Image+CoreDataProperties.swift */,
				FA0C4ED71E8174B000E1A56C /* Image+CoreDataClass.swift */,
				FA0C4D2F1E60EDE500E1A56C /* Client.swift */,
				FA0C4D311E6B59D500E1A56C /* Constants.swift */,
				FA6F60E81ECDC4C9005A2AF4 /* Helper.swift */,
				FA0C4ED41E816ABD00E1A56C /* Model.xcdatamodeld */,
			);
			name = Models;
			sourceTree = "<group>";
		};
		FA0C4D331E6F817700E1A56C /* Views */ = {
			isa = PBXGroup;
			children = (
				FA0C4D3C1E705A6800E1A56C /* imageCell.swift */,
			);
			name = Views;
			sourceTree = "<group>";
		};
/* End PBXGroup section */

/* Begin PBXNativeTarget section */
		FA0C4CF71E5A22C300E1A56C /* VirtualTourist */ = {
			isa = PBXNativeTarget;
			buildConfigurationList = FA0C4D201E5A22C300E1A56C /* Build configuration list for PBXNativeTarget "VirtualTourist" */;
			buildPhases = (
				FA0C4CF41E5A22C300E1A56C /* Sources */,
				FA0C4CF51E5A22C300E1A56C /* Frameworks */,
				FA0C4CF61E5A22C300E1A56C /* Resources */,
			);
			buildRules = (
			);
			dependencies = (
			);
			name = VirtualTourist;
			productName = VirtualTourist;
			productReference = FA0C4CF81E5A22C300E1A56C /* VirtualTourist.app */;
			productType = "com.apple.product-type.application";
		};
		FA0C4D0B1E5A22C300E1A56C /* VirtualTouristTests */ = {
			isa = PBXNativeTarget;
			buildConfigurationList = FA0C4D231E5A22C300E1A56C /* Build configuration list for PBXNativeTarget "VirtualTouristTests" */;
			buildPhases = (
				FA0C4D081E5A22C300E1A56C /* Sources */,
				FA0C4D091E5A22C300E1A56C /* Frameworks */,
				FA0C4D0A1E5A22C300E1A56C /* Resources */,
			);
			buildRules = (
			);
			dependencies = (
				FA0C4D0E1E5A22C300E1A56C /* PBXTargetDependency */,
			);
			name = VirtualTouristTests;
			productName = VirtualTouristTests;
			productReference = FA0C4D0C1E5A22C300E1A56C /* VirtualTouristTests.xctest */;
			productType = "com.apple.product-type.bundle.unit-test";
		};
		FA0C4D161E5A22C300E1A56C /* VirtualTouristUITests */ = {
			isa = PBXNativeTarget;
			buildConfigurationList = FA0C4D261E5A22C300E1A56C /* Build configuration list for PBXNativeTarget "VirtualTouristUITests" */;
			buildPhases = (
				FA0C4D131E5A22C300E1A56C /* Sources */,
				FA0C4D141E5A22C300E1A56C /* Frameworks */,
				FA0C4D151E5A22C300E1A56C /* Resources */,
			);
			buildRules = (
			);
			dependencies = (
				FA0C4D191E5A22C300E1A56C /* PBXTargetDependency */,
			);
			name = VirtualTouristUITests;
			productName = VirtualTouristUITests;
			productReference = FA0C4D171E5A22C300E1A56C /* VirtualTouristUITests.xctest */;
			productType = "com.apple.product-type.bundle.ui-testing";
		};
/* End PBXNativeTarget section */

/* Begin PBXProject section */
		FA0C4CF01E5A22C300E1A56C /* Project object */ = {
			isa = PBXProject;
			attributes = {
				LastSwiftUpdateCheck = 0820;
				LastUpgradeCheck = 0820;
				ORGANIZATIONNAME = Macbook;
				TargetAttributes = {
					FA0C4CF71E5A22C300E1A56C = {
						CreatedOnToolsVersion = 8.2.1;
						ProvisioningStyle = Automatic;
					};
					FA0C4D0B1E5A22C300E1A56C = {
						CreatedOnToolsVersion = 8.2.1;
						ProvisioningStyle = Automatic;
						TestTargetID = FA0C4CF71E5A22C300E1A56C;
					};
					FA0C4D161E5A22C300E1A56C = {
						CreatedOnToolsVersion = 8.2.1;
						ProvisioningStyle = Automatic;
						TestTargetID = FA0C4CF71E5A22C300E1A56C;
					};
				};
			};
			buildConfigurationList = FA0C4CF31E5A22C300E1A56C /* Build configuration list for PBXProject "VirtualTourist" */;
			compatibilityVersion = "Xcode 3.2";
			developmentRegion = English;
			hasScannedForEncodings = 0;
			knownRegions = (
				en,
				Base,
			);
			mainGroup = FA0C4CEF1E5A22C300E1A56C;
			productRefGroup = FA0C4CF91E5A22C300E1A56C /* Products */;
			projectDirPath = "";
			projectRoot = "";
			targets = (
				FA0C4CF71E5A22C300E1A56C /* VirtualTourist */,
				FA0C4D0B1E5A22C300E1A56C /* VirtualTouristTests */,
				FA0C4D161E5A22C300E1A56C /* VirtualTouristUITests */,
			);
		};
/* End PBXProject section */

/* Begin PBXResourcesBuildPhase section */
		FA0C4CF61E5A22C300E1A56C /* Resources */ = {
			isa = PBXResourcesBuildPhase;
			buildActionMask = 2147483647;
			files = (
				FA0C4D061E5A22C300E1A56C /* LaunchScreen.storyboard in Resources */,
				FA0C4D031E5A22C300E1A56C /* Assets.xcassets in Resources */,
				FA0C4D011E5A22C300E1A56C /* Main.storyboard in Resources */,
			);
			runOnlyForDeploymentPostprocessing = 0;
		};
		FA0C4D0A1E5A22C300E1A56C /* Resources */ = {
			isa = PBXResourcesBuildPhase;
			buildActionMask = 2147483647;
			files = (
			);
			runOnlyForDeploymentPostprocessing = 0;
		};
		FA0C4D151E5A22C300E1A56C /* Resources */ = {
			isa = PBXResourcesBuildPhase;
			buildActionMask = 2147483647;
			files = (
			);
			runOnlyForDeploymentPostprocessing = 0;
		};
/* End PBXResourcesBuildPhase section */

/* Begin PBXSourcesBuildPhase section */
		FA0C4CF41E5A22C300E1A56C /* Sources */ = {
			isa = PBXSourcesBuildPhase;
			buildActionMask = 2147483647;
			files = (
				FA0C4D391E6F9BE800E1A56C /*  ImagesViewController.swift in Sources */,
				FA0C4D321E6B59D500E1A56C /* Constants.swift in Sources */,
				FA0C4EE01E8174EB00E1A56C /* CoreDataStack.swift in Sources */,
				FAD15ADB1EA8E5FD004389F5 /* Locations+CoreDataProperties.swift in Sources */,
				FA0C4D2A1E5A230000E1A56C /* MapViewController.swift in Sources */,
				FAD15ADA1EA8E5FD004389F5 /* Image+CoreDataProperties.swift in Sources */,
				FA0C4EDD1E8174B000E1A56C /* Locations+CoreDataClass.swift in Sources */,
				FA0C4EDB1E8174B000E1A56C /* Image+CoreDataClass.swift in Sources */,
				FA0C4ED61E816ABD00E1A56C /* Model.xcdatamodeld in Sources */,
				FA0C4D3D1E705A6800E1A56C /* imageCell.swift in Sources */,
				FA6F60E91ECDC4C9005A2AF4 /* Helper.swift in Sources */,
				FA0C4CFC1E5A22C300E1A56C /* AppDelegate.swift in Sources */,
				FA0C4D301E60EDE500E1A56C /* Client.swift in Sources */,
			);
			runOnlyForDeploymentPostprocessing = 0;
		};
		FA0C4D081E5A22C300E1A56C /* Sources */ = {
			isa = PBXSourcesBuildPhase;
			buildActionMask = 2147483647;
			files = (
				FA0C4D111E5A22C300E1A56C /* VirtualTouristTests.swift in Sources */,
			);
			runOnlyForDeploymentPostprocessing = 0;
		};
		FA0C4D131E5A22C300E1A56C /* Sources */ = {
			isa = PBXSourcesBuildPhase;
			buildActionMask = 2147483647;
			files = (
				FA0C4D1C1E5A22C300E1A56C /* VirtualTouristUITests.swift in Sources */,
			);
			runOnlyForDeploymentPostprocessing = 0;
		};
/* End PBXSourcesBuildPhase section */

/* Begin PBXTargetDependency section */
		FA0C4D0E1E5A22C300E1A56C /* PBXTargetDependency */ = {
			isa = PBXTargetDependency;
			target = FA0C4CF71E5A22C300E1A56C /* VirtualTourist */;
			targetProxy = FA0C4D0D1E5A22C300E1A56C /* PBXContainerItemProxy */;
		};
		FA0C4D191E5A22C300E1A56C /* PBXTargetDependency */ = {
			isa = PBXTargetDependency;
			target = FA0C4CF71E5A22C300E1A56C /* VirtualTourist */;
			targetProxy = FA0C4D181E5A22C300E1A56C /* PBXContainerItemProxy */;
		};
/* End PBXTargetDependency section */

/* Begin PBXVariantGroup section */
		FA0C4CFF1E5A22C300E1A56C /* Main.storyboard */ = {
			isa = PBXVariantGroup;
			children = (
				FA0C4D001E5A22C300E1A56C /* Base */,
			);
			name = Main.storyboard;
			sourceTree = "<group>";
		};
		FA0C4D041E5A22C300E1A56C /* LaunchScreen.storyboard */ = {
			isa = PBXVariantGroup;
			children = (
				FA0C4D051E5A22C300E1A56C /* Base */,
			);
			name = LaunchScreen.storyboard;
			sourceTree = "<group>";
		};
/* End PBXVariantGroup section */

/* Begin XCBuildConfiguration section */
		FA0C4D1E1E5A22C300E1A56C /* Debug */ = {
			isa = XCBuildConfiguration;
			buildSettings = {
				ALWAYS_SEARCH_USER_PATHS = NO;
				CLANG_ANALYZER_NONNULL = YES;
				CLANG_CXX_LANGUAGE_STANDARD = "gnu++0x";
				CLANG_CXX_LIBRARY = "libc++";
				CLANG_ENABLE_MODULES = YES;
				CLANG_ENABLE_OBJC_ARC = YES;
				CLANG_WARN_BOOL_CONVERSION = YES;
				CLANG_WARN_CONSTANT_CONVERSION = YES;
				CLANG_WARN_DIRECT_OBJC_ISA_USAGE = YES_ERROR;
				CLANG_WARN_DOCUMENTATION_COMMENTS = YES;
				CLANG_WARN_EMPTY_BODY = YES;
				CLANG_WARN_ENUM_CONVERSION = YES;
				CLANG_WARN_INFINITE_RECURSION = YES;
				CLANG_WARN_INT_CONVERSION = YES;
				CLANG_WARN_OBJC_ROOT_CLASS = YES_ERROR;
				CLANG_WARN_SUSPICIOUS_MOVE = YES;
				CLANG_WARN_UNREACHABLE_CODE = YES;
				CLANG_WARN__DUPLICATE_METHOD_MATCH = YES;
				"CODE_SIGN_IDENTITY[sdk=iphoneos*]" = "iPhone Developer";
				COPY_PHASE_STRIP = NO;
				DEBUG_INFORMATION_FORMAT = dwarf;
				ENABLE_STRICT_OBJC_MSGSEND = YES;
				ENABLE_TESTABILITY = YES;
				GCC_C_LANGUAGE_STANDARD = gnu99;
				GCC_DYNAMIC_NO_PIC = NO;
				GCC_NO_COMMON_BLOCKS = YES;
				GCC_OPTIMIZATION_LEVEL = 0;
				GCC_PREPROCESSOR_DEFINITIONS = (
					"DEBUG=1",
					"$(inherited)",
				);
				GCC_WARN_64_TO_32_BIT_CONVERSION = YES;
				GCC_WARN_ABOUT_RETURN_TYPE = YES_ERROR;
				GCC_WARN_UNDECLARED_SELECTOR = YES;
				GCC_WARN_UNINITIALIZED_AUTOS = YES_AGGRESSIVE;
				GCC_WARN_UNUSED_FUNCTION = YES;
				GCC_WARN_UNUSED_VARIABLE = YES;
				IPHONEOS_DEPLOYMENT_TARGET = 10.2;
				MTL_ENABLE_DEBUG_INFO = YES;
				ONLY_ACTIVE_ARCH = YES;
				SDKROOT = iphoneos;
				SWIFT_ACTIVE_COMPILATION_CONDITIONS = DEBUG;
				SWIFT_OPTIMIZATION_LEVEL = "-Onone";
				TARGETED_DEVICE_FAMILY = "1,2";
			};
			name = Debug;
		};
		FA0C4D1F1E5A22C300E1A56C /* Release */ = {
			isa = XCBuildConfiguration;
			buildSettings = {
				ALWAYS_SEARCH_USER_PATHS = NO;
				CLANG_ANALYZER_NONNULL = YES;
				CLANG_CXX_LANGUAGE_STANDARD = "gnu++0x";
				CLANG_CXX_LIBRARY = "libc++";
				CLANG_ENABLE_MODULES = YES;
				CLANG_ENABLE_OBJC_ARC = YES;
				CLANG_WARN_BOOL_CONVERSION = YES;
				CLANG_WARN_CONSTANT_CONVERSION = YES;
				CLANG_WARN_DIRECT_OBJC_ISA_USAGE = YES_ERROR;
				CLANG_WARN_DOCUMENTATION_COMMENTS = YES;
				CLANG_WARN_EMPTY_BODY = YES;
				CLANG_WARN_ENUM_CONVERSION = YES;
				CLANG_WARN_INFINITE_RECURSION = YES;
				CLANG_WARN_INT_CONVERSION = YES;
				CLANG_WARN_OBJC_ROOT_CLASS = YES_ERROR;
				CLANG_WARN_SUSPICIOUS_MOVE = YES;
				CLANG_WARN_UNREACHABLE_CODE = YES;
				CLANG_WARN__DUPLICATE_METHOD_MATCH = YES;
				"CODE_SIGN_IDENTITY[sdk=iphoneos*]" = "iPhone Developer";
				COPY_PHASE_STRIP = NO;
				DEBUG_INFORMATION_FORMAT = "dwarf-with-dsym";
				ENABLE_NS_ASSERTIONS = NO;
				ENABLE_STRICT_OBJC_MSGSEND = YES;
				GCC_C_LANGUAGE_STANDARD = gnu99;
				GCC_NO_COMMON_BLOCKS = YES;
				GCC_WARN_64_TO_32_BIT_CONVERSION = YES;
				GCC_WARN_ABOUT_RETURN_TYPE = YES_ERROR;
				GCC_WARN_UNDECLARED_SELECTOR = YES;
				GCC_WARN_UNINITIALIZED_AUTOS = YES_AGGRESSIVE;
				GCC_WARN_UNUSED_FUNCTION = YES;
				GCC_WARN_UNUSED_VARIABLE = YES;
				IPHONEOS_DEPLOYMENT_TARGET = 10.2;
				MTL_ENABLE_DEBUG_INFO = NO;
				SDKROOT = iphoneos;
				SWIFT_OPTIMIZATION_LEVEL = "-Owholemodule";
				TARGETED_DEVICE_FAMILY = "1,2";
				VALIDATE_PRODUCT = YES;
			};
			name = Release;
		};
		FA0C4D211E5A22C300E1A56C /* Debug */ = {
			isa = XCBuildConfiguration;
			buildSettings = {
				ASSETCATALOG_COMPILER_APPICON_NAME = AppIcon;
				INFOPLIST_FILE = VirtualTourist/Info.plist;
				LD_RUNPATH_SEARCH_PATHS = "$(inherited) @executable_path/Frameworks";
				PRODUCT_BUNDLE_IDENTIFIER = EARcom.criteser2.VirtualTourist;
				PRODUCT_NAME = "$(TARGET_NAME)";
				SWIFT_VERSION = 3.0;
			};
			name = Debug;
		};
		FA0C4D221E5A22C300E1A56C /* Release */ = {
			isa = XCBuildConfiguration;
			buildSettings = {
				ASSETCATALOG_COMPILER_APPICON_NAME = AppIcon;
				INFOPLIST_FILE = VirtualTourist/Info.plist;
				LD_RUNPATH_SEARCH_PATHS = "$(inherited) @executable_path/Frameworks";
				PRODUCT_BUNDLE_IDENTIFIER = EARcom.criteser2.VirtualTourist;
				PRODUCT_NAME = "$(TARGET_NAME)";
				SWIFT_VERSION = 3.0;
			};
			name = Release;
		};
		FA0C4D241E5A22C300E1A56C /* Debug */ = {
			isa = XCBuildConfiguration;
			buildSettings = {
				ALWAYS_EMBED_SWIFT_STANDARD_LIBRARIES = YES;
				BUNDLE_LOADER = "$(TEST_HOST)";
				INFOPLIST_FILE = VirtualTouristTests/Info.plist;
				LD_RUNPATH_SEARCH_PATHS = "$(inherited) @executable_path/Frameworks @loader_path/Frameworks";
				PRODUCT_BUNDLE_IDENTIFIER = EARcom.criteser2.VirtualTouristTests;
				PRODUCT_NAME = "$(TARGET_NAME)";
				SWIFT_VERSION = 3.0;
				TEST_HOST = "$(BUILT_PRODUCTS_DIR)/VirtualTourist.app/VirtualTourist";
			};
			name = Debug;
		};
		FA0C4D251E5A22C300E1A56C /* Release */ = {
			isa = XCBuildConfiguration;
			buildSettings = {
				ALWAYS_EMBED_SWIFT_STANDARD_LIBRARIES = YES;
				BUNDLE_LOADER = "$(TEST_HOST)";
				INFOPLIST_FILE = VirtualTouristTests/Info.plist;
				LD_RUNPATH_SEARCH_PATHS = "$(inherited) @executable_path/Frameworks @loader_path/Frameworks";
				PRODUCT_BUNDLE_IDENTIFIER = EARcom.criteser2.VirtualTouristTests;
				PRODUCT_NAME = "$(TARGET_NAME)";
				SWIFT_VERSION = 3.0;
				TEST_HOST = "$(BUILT_PRODUCTS_DIR)/VirtualTourist.app/VirtualTourist";
			};
			name = Release;
		};
		FA0C4D271E5A22C300E1A56C /* Debug */ = {
			isa = XCBuildConfiguration;
			buildSettings = {
				ALWAYS_EMBED_SWIFT_STANDARD_LIBRARIES = YES;
				INFOPLIST_FILE = VirtualTouristUITests/Info.plist;
				LD_RUNPATH_SEARCH_PATHS = "$(inherited) @executable_path/Frameworks @loader_path/Frameworks";
				PRODUCT_BUNDLE_IDENTIFIER = EARcom.criteser2.VirtualTouristUITests;
				PRODUCT_NAME = "$(TARGET_NAME)";
				SWIFT_VERSION = 3.0;
				TEST_TARGET_NAME = VirtualTourist;
			};
			name = Debug;
		};
		FA0C4D281E5A22C300E1A56C /* Release */ = {
			isa = XCBuildConfiguration;
			buildSettings = {
				ALWAYS_EMBED_SWIFT_STANDARD_LIBRARIES = YES;
				INFOPLIST_FILE = VirtualTouristUITests/Info.plist;
				LD_RUNPATH_SEARCH_PATHS = "$(inherited) @executable_path/Frameworks @loader_path/Frameworks";
				PRODUCT_BUNDLE_IDENTIFIER = EARcom.criteser2.VirtualTouristUITests;
				PRODUCT_NAME = "$(TARGET_NAME)";
				SWIFT_VERSION = 3.0;
				TEST_TARGET_NAME = VirtualTourist;
			};
			name = Release;
		};
/* End XCBuildConfiguration section */

/* Begin XCConfigurationList section */
		FA0C4CF31E5A22C300E1A56C /* Build configuration list for PBXProject "VirtualTourist" */ = {
			isa = XCConfigurationList;
			buildConfigurations = (
				FA0C4D1E1E5A22C300E1A56C /* Debug */,
				FA0C4D1F1E5A22C300E1A56C /* Release */,
			);
			defaultConfigurationIsVisible = 0;
			defaultConfigurationName = Release;
		};
		FA0C4D201E5A22C300E1A56C /* Build configuration list for PBXNativeTarget "VirtualTourist" */ = {
			isa = XCConfigurationList;
			buildConfigurations = (
				FA0C4D211E5A22C300E1A56C /* Debug */,
				FA0C4D221E5A22C300E1A56C /* Release */,
			);
			defaultConfigurationIsVisible = 0;
			defaultConfigurationName = Release;
		};
		FA0C4D231E5A22C300E1A56C /* Build configuration list for PBXNativeTarget "VirtualTouristTests" */ = {
			isa = XCConfigurationList;
			buildConfigurations = (
				FA0C4D241E5A22C300E1A56C /* Debug */,
				FA0C4D251E5A22C300E1A56C /* Release */,
			);
			defaultConfigurationIsVisible = 0;
			defaultConfigurationName = Release;
		};
		FA0C4D261E5A22C300E1A56C /* Build configuration list for PBXNativeTarget "VirtualTouristUITests" */ = {
			isa = XCConfigurationList;
			buildConfigurations = (
				FA0C4D271E5A22C300E1A56C /* Debug */,
				FA0C4D281E5A22C300E1A56C /* Release */,
			);
			defaultConfigurationIsVisible = 0;
			defaultConfigurationName = Release;
		};
/* End XCConfigurationList section */

/* Begin XCVersionGroup section */
		FA0C4ED41E816ABD00E1A56C /* Model.xcdatamodeld */ = {
			isa = XCVersionGroup;
			children = (
				FAD15AD71EA8E5C1004389F5 /* Model4.xcdatamodel */,
				FA4342DE1E854B8F0027FF9F /* Model3.xcdatamodel */,
				FA3221FF1E82FCAD00C72429 /* Model2.xcdatamodel */,
				FA0C4ED51E816ABD00E1A56C /* Model.xcdatamodel */,
			);
			currentVersion = FAD15AD71EA8E5C1004389F5 /* Model4.xcdatamodel */;
			name = Model.xcdatamodeld;
			path = ../Model.xcdatamodeld;
			sourceTree = "<group>";
			versionGroupType = wrapper.xcdatamodel;
		};
/* End XCVersionGroup section */
	};
	rootObject = FA0C4CF01E5A22C300E1A56C /* Project object */;
}
